// !$*UTF8*$!
{
	archiveVersion = 1;
	classes = {
	};
	objectVersion = 77;
	objects = {

/* Begin PBXContainerItemProxy section */
		5F1024DA2ED5F2ED00FD2388 /* PBXContainerItemProxy */ = {
			isa = PBXContainerItemProxy;
			containerPortal = 5F1024BB2ED5F2EB00FD2388 /* Project object */;
			proxyType = 1;
			remoteGlobalIDString = 5F1024C22ED5F2EB00FD2388;
			remoteInfo = PaymentWallet;
		};
		5F1024E42ED5F2ED00FD2388 /* PBXContainerItemProxy */ = {
			isa = PBXContainerItemProxy;
			containerPortal = 5F1024BB2ED5F2EB00FD2388 /* Project object */;
			proxyType = 1;
			remoteGlobalIDString = 5F1024C22ED5F2EB00FD2388;
			remoteInfo = PaymentWallet;
		};
/* End PBXContainerItemProxy section */

/* Begin PBXFileReference section */
		5F1024C32ED5F2EB00FD2388 /* PaymentWallet.app */ = {isa = PBXFileReference; explicitFileType = wrapper.application; includeInIndex = 0; path = PaymentWallet.app; sourceTree = BUILT_PRODUCTS_DIR; };
		5F1024D92ED5F2ED00FD2388 /* PaymentWalletTests.xctest */ = {isa = PBXFileReference; explicitFileType = wrapper.cfbundle; includeInIndex = 0; path = PaymentWalletTests.xctest; sourceTree = BUILT_PRODUCTS_DIR; };
		5F1024E32ED5F2ED00FD2388 /* PaymentWalletUITests.xctest */ = {isa = PBXFileReference; explicitFileType = wrapper.cfbundle; includeInIndex = 0; path = PaymentWalletUITests.xctest; sourceTree = BUILT_PRODUCTS_DIR; };
/* End PBXFileReference section */

/* Begin PBXFileSystemSynchronizedBuildFileExceptionSet section */
		5F1024EB2ED5F2ED00FD2388 /* Exceptions for "PaymentWallet" folder in "PaymentWallet" target */ = {
			isa = PBXFileSystemSynchronizedBuildFileExceptionSet;
			membershipExceptions = (
				Info.plist,
			);
			target = 5F1024C22ED5F2EB00FD2388 /* PaymentWallet */;
		};
/* End PBXFileSystemSynchronizedBuildFileExceptionSet section */

/* Begin PBXFileSystemSynchronizedRootGroup section */
		5F1024C52ED5F2EB00FD2388 /* PaymentWallet */ = {
			isa = PBXFileSystemSynchronizedRootGroup;
			exceptions = (
				5F1024EB2ED5F2ED00FD2388 /* Exceptions for "PaymentWallet" folder in "PaymentWallet" target */,
			);
			path = PaymentWallet;
			sourceTree = "<group>";
		};
		5F1024DC2ED5F2ED00FD2388 /* PaymentWalletTests */ = {
			isa = PBXFileSystemSynchronizedRootGroup;
			path = PaymentWalletTests;
			sourceTree = "<group>";
		};
		5F1024E62ED5F2ED00FD2388 /* PaymentWalletUITests */ = {
			isa = PBXFileSystemSynchronizedRootGroup;
			path = PaymentWalletUITests;
			sourceTree = "<group>";
		};
/* End PBXFileSystemSynchronizedRootGroup section */

/* Begin PBXFrameworksBuildPhase section */
		5F1024C02ED5F2EB00FD2388 /* Frameworks */ = {
			isa = PBXFrameworksBuildPhase;
			buildActionMask = 2147483647;
			files = (
			);
			runOnlyForDeploymentPostprocessing = 0;
		};
		5F1024D62ED5F2ED00FD2388 /* Frameworks */ = {
			isa = PBXFrameworksBuildPhase;
			buildActionMask = 2147483647;
			files = (
			);
			runOnlyForDeploymentPostprocessing = 0;
		};
		5F1024E02ED5F2ED00FD2388 /* Frameworks */ = {
			isa = PBXFrameworksBuildPhase;
			buildActionMask = 2147483647;
			files = (
			);
			runOnlyForDeploymentPostprocessing = 0;
		};
/* End PBXFrameworksBuildPhase section */

/* Begin PBXGroup section */
		5F1024BA2ED5F2EB00FD2388 = {
			isa = PBXGroup;
			children = (
				5F1024C52ED5F2EB00FD2388 /* PaymentWallet */,
				5F1024DC2ED5F2ED00FD2388 /* PaymentWalletTests */,
				5F1024E62ED5F2ED00FD2388 /* PaymentWalletUITests */,
				5F1024C42ED5F2EB00FD2388 /* Products */,
			);
			sourceTree = "<group>";
		};
		5F1024C42ED5F2EB00FD2388 /* Products */ = {
			isa = PBXGroup;
			children = (
				5F1024C32ED5F2EB00FD2388 /* PaymentWallet.app */,
				5F1024D92ED5F2ED00FD2388 /* PaymentWalletTests.xctest */,
				5F1024E32ED5F2ED00FD2388 /* PaymentWalletUITests.xctest */,
			);
			name = Products;
			sourceTree = "<group>";
		};
/* End PBXGroup section */

/* Begin PBXNativeTarget section */
		5F1024C22ED5F2EB00FD2388 /* PaymentWallet */ = {
			isa = PBXNativeTarget;
			buildConfigurationList = 5F1024EC2ED5F2ED00FD2388 /* Build configuration list for PBXNativeTarget "PaymentWallet" */;
			buildPhases = (
				5F1024BF2ED5F2EB00FD2388 /* Sources */,
				5F1024C02ED5F2EB00FD2388 /* Frameworks */,
				5F1024C12ED5F2EB00FD2388 /* Resources */,
			);
			buildRules = (
			);
			dependencies = (
			);
			fileSystemSynchronizedGroups = (
				5F1024C52ED5F2EB00FD2388 /* PaymentWallet */,
			);
			name = PaymentWallet;
			packageProductDependencies = (
			);
			productName = PaymentWallet;
			productReference = 5F1024C32ED5F2EB00FD2388 /* PaymentWallet.app */;
			productType = "com.apple.product-type.application";
		};
		5F1024D82ED5F2ED00FD2388 /* PaymentWalletTests */ = {
			isa = PBXNativeTarget;
			buildConfigurationList = 5F1024F12ED5F2ED00FD2388 /* Build configuration list for PBXNativeTarget "PaymentWalletTests" */;
			buildPhases = (
				5F1024D52ED5F2ED00FD2388 /* Sources */,
				5F1024D62ED5F2ED00FD2388 /* Frameworks */,
				5F1024D72ED5F2ED00FD2388 /* Resources */,
			);
			buildRules = (
			);
			dependencies = (
				5F1024DB2ED5F2ED00FD2388 /* PBXTargetDependency */,
			);
			fileSystemSynchronizedGroups = (
				5F1024DC2ED5F2ED00FD2388 /* PaymentWalletTests */,
			);
			name = PaymentWalletTests;
			packageProductDependencies = (
			);
			productName = PaymentWalletTests;
			productReference = 5F1024D92ED5F2ED00FD2388 /* PaymentWalletTests.xctest */;
			productType = "com.apple.product-type.bundle.unit-test";
		};
		5F1024E22ED5F2ED00FD2388 /* PaymentWalletUITests */ = {
			isa = PBXNativeTarget;
			buildConfigurationList = 5F1024F42ED5F2ED00FD2388 /* Build configuration list for PBXNativeTarget "PaymentWalletUITests" */;
			buildPhases = (
				5F1024DF2ED5F2ED00FD2388 /* Sources */,
				5F1024E02ED5F2ED00FD2388 /* Frameworks */,
				5F1024E12ED5F2ED00FD2388 /* Resources */,
			);
			buildRules = (
			);
			dependencies = (
				5F1024E52ED5F2ED00FD2388 /* PBXTargetDependency */,
			);
			fileSystemSynchronizedGroups = (
				5F1024E62ED5F2ED00FD2388 /* PaymentWalletUITests */,
			);
			name = PaymentWalletUITests;
			packageProductDependencies = (
			);
			productName = PaymentWalletUITests;
			productReference = 5F1024E32ED5F2ED00FD2388 /* PaymentWalletUITests.xctest */;
			productType = "com.apple.product-type.bundle.ui-testing";
		};
/* End PBXNativeTarget section */

/* Begin PBXProject section */
		5F1024BB2ED5F2EB00FD2388 /* Project object */ = {
			isa = PBXProject;
			attributes = {
				BuildIndependentTargetsInParallel = 1;
				LastSwiftUpdateCheck = 2610;
				LastUpgradeCheck = 2610;
				TargetAttributes = {
					5F1024C22ED5F2EB00FD2388 = {
						CreatedOnToolsVersion = 26.1.1;
					};
					5F1024D82ED5F2ED00FD2388 = {
						CreatedOnToolsVersion = 26.1.1;
						TestTargetID = 5F1024C22ED5F2EB00FD2388;
					};
					5F1024E22ED5F2ED00FD2388 = {
						CreatedOnToolsVersion = 26.1.1;
						TestTargetID = 5F1024C22ED5F2EB00FD2388;
					};
				};
			};
			buildConfigurationList = 5F1024BE2ED5F2EB00FD2388 /* Build configuration list for PBXProject "PaymentWallet" */;
			developmentRegion = en;
			hasScannedForEncodings = 0;
			knownRegions = (
				en,
				Base,
			);
			mainGroup = 5F1024BA2ED5F2EB00FD2388;
			minimizedProjectReferenceProxies = 1;
			preferredProjectObjectVersion = 77;
			productRefGroup = 5F1024C42ED5F2EB00FD2388 /* Products */;
			projectDirPath = "";
			projectRoot = "";
			targets = (
				5F1024C22ED5F2EB00FD2388 /* PaymentWallet */,
				5F1024D82ED5F2ED00FD2388 /* PaymentWalletTests */,
				5F1024E22ED5F2ED00FD2388 /* PaymentWalletUITests */,
			);
		};
/* End PBXProject section */

/* Begin PBXResourcesBuildPhase section */
		5F1024C12ED5F2EB00FD2388 /* Resources */ = {
			isa = PBXResourcesBuildPhase;
			buildActionMask = 2147483647;
			files = (
			);
			runOnlyForDeploymentPostprocessing = 0;
		};
		5F1024D72ED5F2ED00FD2388 /* Resources */ = {
			isa = PBXResourcesBuildPhase;
			buildActionMask = 2147483647;
			files = (
			);
			runOnlyForDeploymentPostprocessing = 0;
		};
		5F1024E12ED5F2ED00FD2388 /* Resources */ = {
			isa = PBXResourcesBuildPhase;
			buildActionMask = 2147483647;
			files = (
			);
			runOnlyForDeploymentPostprocessing = 0;
		};
/* End PBXResourcesBuildPhase section */

/* Begin PBXSourcesBuildPhase section */
		5F1024BF2ED5F2EB00FD2388 /* Sources */ = {
			isa = PBXSourcesBuildPhase;
			buildActionMask = 2147483647;
			files = (
			);
			runOnlyForDeploymentPostprocessing = 0;
		};
		5F1024D52ED5F2ED00FD2388 /* Sources */ = {
			isa = PBXSourcesBuildPhase;
			buildActionMask = 2147483647;
			files = (
			);
			runOnlyForDeploymentPostprocessing = 0;
		};
		5F1024DF2ED5F2ED00FD2388 /* Sources */ = {
			isa = PBXSourcesBuildPhase;
			buildActionMask = 2147483647;
			files = (
			);
			runOnlyForDeploymentPostprocessing = 0;
		};
/* End PBXSourcesBuildPhase section */

/* Begin PBXTargetDependency section */
		5F1024DB2ED5F2ED00FD2388 /* PBXTargetDependency */ = {
			isa = PBXTargetDependency;
			target = 5F1024C22ED5F2EB00FD2388 /* PaymentWallet */;
			targetProxy = 5F1024DA2ED5F2ED00FD2388 /* PBXContainerItemProxy */;
		};
		5F1024E52ED5F2ED00FD2388 /* PBXTargetDependency */ = {
			isa = PBXTargetDependency;
			target = 5F1024C22ED5F2EB00FD2388 /* PaymentWallet */;
			targetProxy = 5F1024E42ED5F2ED00FD2388 /* PBXContainerItemProxy */;
		};
/* End PBXTargetDependency section */

/* Begin XCBuildConfiguration section */
		5F1024ED2ED5F2ED00FD2388 /* Debug */ = {
			isa = XCBuildConfiguration;
			buildSettings = {
				ASSETCATALOG_COMPILER_APPICON_NAME = AppIcon;
				ASSETCATALOG_COMPILER_GLOBAL_ACCENT_COLOR_NAME = AccentColor;
				CODE_SIGN_STYLE = Automatic;
				CURRENT_PROJECT_VERSION = 1;
				DEVELOPMENT_TEAM = S6MPAQT63Q;
				GENERATE_INFOPLIST_FILE = YES;
				INFOPLIST_FILE = PaymentWallet/Info.plist;
				INFOPLIST_KEY_UIApplicationSupportsIndirectInputEvents = YES;
				INFOPLIST_KEY_UILaunchStoryboardName = LaunchScreen;
				INFOPLIST_KEY_UIMainStoryboardFile = Main;
				INFOPLIST_KEY_UISupportedInterfaceOrientations_iPad = "UIInterfaceOrientationPortrait UIInterfaceOrientationPortraitUpsideDown UIInterfaceOrientationLandscapeLeft UIInterfaceOrientationLandscapeRight";
				INFOPLIST_KEY_UISupportedInterfaceOrientations_iPhone = "UIInterfaceOrientationPortrait UIInterfaceOrientationLandscapeLeft UIInterfaceOrientationLandscapeRight";
				LD_RUNPATH_SEARCH_PATHS = (
					"$(inherited)",
					"@executable_path/Frameworks",
				);
				MARKETING_VERSION = 1.0;
				PRODUCT_BUNDLE_IDENTIFIER = com.marcellochuahy.PaymentWallet;
				PRODUCT_NAME = "$(TARGET_NAME)";
				STRING_CATALOG_GENERATE_SYMBOLS = YES;
				SWIFT_APPROACHABLE_CONCURRENCY = YES;
				SWIFT_DEFAULT_ACTOR_ISOLATION = MainActor;
				SWIFT_EMIT_LOC_STRINGS = YES;
				SWIFT_UPCOMING_FEATURE_MEMBER_IMPORT_VISIBILITY = YES;
				SWIFT_VERSION = 5.0;
				TARGETED_DEVICE_FAMILY = "1,2";
			};
			name = Debug;
		};
		5F1024EE2ED5F2ED00FD2388 /* Release */ = {
			isa = XCBuildConfiguration;
			buildSettings = {
				ASSETCATALOG_COMPILER_APPICON_NAME = AppIcon;
				ASSETCATALOG_COMPILER_GLOBAL_ACCENT_COLOR_NAME = AccentColor;
				CODE_SIGN_STYLE = Automatic;
				CURRENT_PROJECT_VERSION = 1;
				DEVELOPMENT_TEAM = S6MPAQT63Q;
				GENERATE_INFOPLIST_FILE = YES;
				INFOPLIST_FILE = PaymentWallet/Info.plist;
				INFOPLIST_KEY_UIApplicationSupportsIndirectInputEvents = YES;
				INFOPLIST_KEY_UILaunchStoryboardName = LaunchScreen;
				INFOPLIST_KEY_UIMainStoryboardFile = Main;
				INFOPLIST_KEY_UISupportedInterfaceOrientations_iPad = "UIInterfaceOrientationPortrait UIInterfaceOrientationPortraitUpsideDown UIInterfaceOrientationLandscapeLeft UIInterfaceOrientationLandscapeRight";
				INFOPLIST_KEY_UISupportedInterfaceOrientations_iPhone = "UIInterfaceOrientationPortrait UIInterfaceOrientationLandscapeLeft UIInterfaceOrientationLandscapeRight";
				LD_RUNPATH_SEARCH_PATHS = (
					"$(inherited)",
					"@executable_path/Frameworks",
				);
				MARKETING_VERSION = 1.0;
				PRODUCT_BUNDLE_IDENTIFIER = com.marcellochuahy.PaymentWallet;
				PRODUCT_NAME = "$(TARGET_NAME)";
				STRING_CATALOG_GENERATE_SYMBOLS = YES;
				SWIFT_APPROACHABLE_CONCURRENCY = YES;
				SWIFT_DEFAULT_ACTOR_ISOLATION = MainActor;
				SWIFT_EMIT_LOC_STRINGS = YES;
				SWIFT_UPCOMING_FEATURE_MEMBER_IMPORT_VISIBILITY = YES;
				SWIFT_VERSION = 5.0;
				TARGETED_DEVICE_FAMILY = "1,2";
			};
			name = Release;
		};
		5F1024EF2ED5F2ED00FD2388 /* Debug */ = {
			isa = XCBuildConfiguration;
			buildSettings = {
				ALWAYS_SEARCH_USER_PATHS = NO;
				ASSETCATALOG_COMPILER_GENERATE_SWIFT_ASSET_SYMBOL_EXTENSIONS = YES;
				CLANG_ANALYZER_NONNULL = YES;
				CLANG_ANALYZER_NUMBER_OBJECT_CONVERSION = YES_AGGRESSIVE;
				CLANG_CXX_LANGUAGE_STANDARD = "gnu++20";
				CLANG_ENABLE_MODULES = YES;
				CLANG_ENABLE_OBJC_ARC = YES;
				CLANG_ENABLE_OBJC_WEAK = YES;
				CLANG_WARN_BLOCK_CAPTURE_AUTORELEASING = YES;
				CLANG_WARN_BOOL_CONVERSION = YES;
				CLANG_WARN_COMMA = YES;
				CLANG_WARN_CONSTANT_CONVERSION = YES;
				CLANG_WARN_DEPRECATED_OBJC_IMPLEMENTATIONS = YES;
				CLANG_WARN_DIRECT_OBJC_ISA_USAGE = YES_ERROR;
				CLANG_WARN_DOCUMENTATION_COMMENTS = YES;
				CLANG_WARN_EMPTY_BODY = YES;
				CLANG_WARN_ENUM_CONVERSION = YES;
				CLANG_WARN_INFINITE_RECURSION = YES;
				CLANG_WARN_INT_CONVERSION = YES;
				CLANG_WARN_NON_LITERAL_NULL_CONVERSION = YES;
				CLANG_WARN_OBJC_IMPLICIT_RETAIN_SELF = YES;
				CLANG_WARN_OBJC_LITERAL_CONVERSION = YES;
				CLANG_WARN_OBJC_ROOT_CLASS = YES_ERROR;
				CLANG_WARN_QUOTED_INCLUDE_IN_FRAMEWORK_HEADER = YES;
				CLANG_WARN_RANGE_LOOP_ANALYSIS = YES;
				CLANG_WARN_STRICT_PROTOTYPES = YES;
				CLANG_WARN_SUSPICIOUS_MOVE = YES;
				CLANG_WARN_UNGUARDED_AVAILABILITY = YES_AGGRESSIVE;
				CLANG_WARN_UNREACHABLE_CODE = YES;
				CLANG_WARN__DUPLICATE_METHOD_MATCH = YES;
				COPY_PHASE_STRIP = NO;
				DEBUG_INFORMATION_FORMAT = dwarf;
				DEVELOPMENT_TEAM = S6MPAQT63Q;
				ENABLE_STRICT_OBJC_MSGSEND = YES;
				ENABLE_TESTABILITY = YES;
				ENABLE_USER_SCRIPT_SANDBOXING = YES;
				GCC_C_LANGUAGE_STANDARD = gnu17;
				GCC_DYNAMIC_NO_PIC = NO;
				GCC_NO_COMMON_BLOCKS = YES;
				GCC_OPTIMIZATION_LEVEL = 0;
				GCC_PREPROCESSOR_DEFINITIONS = (
					"DEBUG=1",
					"$(inherited)",
				);
				GCC_WARN_64_TO_32_BIT_CONVERSION = YES;
				GCC_WARN_ABOUT_RETURN_TYPE = YES_ERROR;
				GCC_WARN_UNDECLARED_SELECTOR = YES;
				GCC_WARN_UNINITIALIZED_AUTOS = YES_AGGRESSIVE;
				GCC_WARN_UNUSED_FUNCTION = YES;
				GCC_WARN_UNUSED_VARIABLE = YES;
				IPHONEOS_DEPLOYMENT_TARGET = 26.1;
				LOCALIZATION_PREFERS_STRING_CATALOGS = YES;
				MTL_ENABLE_DEBUG_INFO = INCLUDE_SOURCE;
				MTL_FAST_MATH = YES;
				ONLY_ACTIVE_ARCH = YES;
				SDKROOT = iphoneos;
				SWIFT_ACTIVE_COMPILATION_CONDITIONS = "DEBUG $(inherited)";
				SWIFT_OPTIMIZATION_LEVEL = "-Onone";
			};
			name = Debug;
		};
		5F1024F02ED5F2ED00FD2388 /* Release */ = {
			isa = XCBuildConfiguration;
			buildSettings = {
				ALWAYS_SEARCH_USER_PATHS = NO;
				ASSETCATALOG_COMPILER_GENERATE_SWIFT_ASSET_SYMBOL_EXTENSIONS = YES;
				CLANG_ANALYZER_NONNULL = YES;
				CLANG_ANALYZER_NUMBER_OBJECT_CONVERSION = YES_AGGRESSIVE;
				CLANG_CXX_LANGUAGE_STANDARD = "gnu++20";
				CLANG_ENABLE_MODULES = YES;
				CLANG_ENABLE_OBJC_ARC = YES;
				CLANG_ENABLE_OBJC_WEAK = YES;
				CLANG_WARN_BLOCK_CAPTURE_AUTORELEASING = YES;
				CLANG_WARN_BOOL_CONVERSION = YES;
				CLANG_WARN_COMMA = YES;
				CLANG_WARN_CONSTANT_CONVERSION = YES;
				CLANG_WARN_DEPRECATED_OBJC_IMPLEMENTATIONS = YES;
				CLANG_WARN_DIRECT_OBJC_ISA_USAGE = YES_ERROR;
				CLANG_WARN_DOCUMENTATION_COMMENTS = YES;
				CLANG_WARN_EMPTY_BODY = YES;
				CLANG_WARN_ENUM_CONVERSION = YES;
				CLANG_WARN_INFINITE_RECURSION = YES;
				CLANG_WARN_INT_CONVERSION = YES;
				CLANG_WARN_NON_LITERAL_NULL_CONVERSION = YES;
				CLANG_WARN_OBJC_IMPLICIT_RETAIN_SELF = YES;
				CLANG_WARN_OBJC_LITERAL_CONVERSION = YES;
				CLANG_WARN_OBJC_ROOT_CLASS = YES_ERROR;
				CLANG_WARN_QUOTED_INCLUDE_IN_FRAMEWORK_HEADER = YES;
				CLANG_WARN_RANGE_LOOP_ANALYSIS = YES;
				CLANG_WARN_STRICT_PROTOTYPES = YES;
				CLANG_WARN_SUSPICIOUS_MOVE = YES;
				CLANG_WARN_UNGUARDED_AVAILABILITY = YES_AGGRESSIVE;
				CLANG_WARN_UNREACHABLE_CODE = YES;
				CLANG_WARN__DUPLICATE_METHOD_MATCH = YES;
				COPY_PHASE_STRIP = NO;
				DEBUG_INFORMATION_FORMAT = "dwarf-with-dsym";
				DEVELOPMENT_TEAM = S6MPAQT63Q;
				ENABLE_NS_ASSERTIONS = NO;
				ENABLE_STRICT_OBJC_MSGSEND = YES;
				ENABLE_USER_SCRIPT_SANDBOXING = YES;
				GCC_C_LANGUAGE_STANDARD = gnu17;
				GCC_NO_COMMON_BLOCKS = YES;
				GCC_WARN_64_TO_32_BIT_CONVERSION = YES;
				GCC_WARN_ABOUT_RETURN_TYPE = YES_ERROR;
				GCC_WARN_UNDECLARED_SELECTOR = YES;
				GCC_WARN_UNINITIALIZED_AUTOS = YES_AGGRESSIVE;
				GCC_WARN_UNUSED_FUNCTION = YES;
				GCC_WARN_UNUSED_VARIABLE = YES;
				IPHONEOS_DEPLOYMENT_TARGET = 26.1;
				LOCALIZATION_PREFERS_STRING_CATALOGS = YES;
				MTL_ENABLE_DEBUG_INFO = NO;
				MTL_FAST_MATH = YES;
				SDKROOT = iphoneos;
				SWIFT_COMPILATION_MODE = wholemodule;
				VALIDATE_PRODUCT = YES;
			};
			name = Release;
		};
		5F1024F22ED5F2ED00FD2388 /* Debug */ = {
			isa = XCBuildConfiguration;
			buildSettings = {
				BUNDLE_LOADER = "$(TEST_HOST)";
				CODE_SIGN_STYLE = Automatic;
				CURRENT_PROJECT_VERSION = 1;
				DEVELOPMENT_TEAM = S6MPAQT63Q;
				GENERATE_INFOPLIST_FILE = YES;
				IPHONEOS_DEPLOYMENT_TARGET = 26.1;
				MARKETING_VERSION = 1.0;
				PRODUCT_BUNDLE_IDENTIFIER = com.marcellochuahy.PaymentWalletTests;
				PRODUCT_NAME = "$(TARGET_NAME)";
				STRING_CATALOG_GENERATE_SYMBOLS = NO;
				SWIFT_APPROACHABLE_CONCURRENCY = YES;
				SWIFT_EMIT_LOC_STRINGS = NO;
				SWIFT_UPCOMING_FEATURE_MEMBER_IMPORT_VISIBILITY = YES;
				SWIFT_VERSION = 5.0;
				TARGETED_DEVICE_FAMILY = "1,2";
				TEST_HOST = "$(BUILT_PRODUCTS_DIR)/PaymentWallet.app/$(BUNDLE_EXECUTABLE_FOLDER_PATH)/PaymentWallet";
			};
			name = Debug;
		};
		5F1024F32ED5F2ED00FD2388 /* Release */ = {
			isa = XCBuildConfiguration;
			buildSettings = {
				BUNDLE_LOADER = "$(TEST_HOST)";
				CODE_SIGN_STYLE = Automatic;
				CURRENT_PROJECT_VERSION = 1;
				DEVELOPMENT_TEAM = S6MPAQT63Q;
				GENERATE_INFOPLIST_FILE = YES;
				IPHONEOS_DEPLOYMENT_TARGET = 26.1;
				MARKETING_VERSION = 1.0;
				PRODUCT_BUNDLE_IDENTIFIER = com.marcellochuahy.PaymentWalletTests;
				PRODUCT_NAME = "$(TARGET_NAME)";
				STRING_CATALOG_GENERATE_SYMBOLS = NO;
				SWIFT_APPROACHABLE_CONCURRENCY = YES;
				SWIFT_EMIT_LOC_STRINGS = NO;
				SWIFT_UPCOMING_FEATURE_MEMBER_IMPORT_VISIBILITY = YES;
				SWIFT_VERSION = 5.0;
				TARGETED_DEVICE_FAMILY = "1,2";
				TEST_HOST = "$(BUILT_PRODUCTS_DIR)/PaymentWallet.app/$(BUNDLE_EXECUTABLE_FOLDER_PATH)/PaymentWallet";
			};
			name = Release;
		};
		5F1024F52ED5F2ED00FD2388 /* Debug */ = {
			isa = XCBuildConfiguration;
			buildSettings = {
				CODE_SIGN_STYLE = Automatic;
				CURRENT_PROJECT_VERSION = 1;
				DEVELOPMENT_TEAM = S6MPAQT63Q;
				GENERATE_INFOPLIST_FILE = YES;
				MARKETING_VERSION = 1.0;
				PRODUCT_BUNDLE_IDENTIFIER = com.marcellochuahy.PaymentWalletUITests;
				PRODUCT_NAME = "$(TARGET_NAME)";
				STRING_CATALOG_GENERATE_SYMBOLS = NO;
				SWIFT_APPROACHABLE_CONCURRENCY = YES;
				SWIFT_EMIT_LOC_STRINGS = NO;
				SWIFT_UPCOMING_FEATURE_MEMBER_IMPORT_VISIBILITY = YES;
				SWIFT_VERSION = 5.0;
				TARGETED_DEVICE_FAMILY = "1,2";
				TEST_TARGET_NAME = PaymentWallet;
			};
			name = Debug;
		};
		5F1024F62ED5F2ED00FD2388 /* Release */ = {
			isa = XCBuildConfiguration;
			buildSettings = {
				CODE_SIGN_STYLE = Automatic;
				CURRENT_PROJECT_VERSION = 1;
				DEVELOPMENT_TEAM = S6MPAQT63Q;
				GENERATE_INFOPLIST_FILE = YES;
				MARKETING_VERSION = 1.0;
				PRODUCT_BUNDLE_IDENTIFIER = com.marcellochuahy.PaymentWalletUITests;
				PRODUCT_NAME = "$(TARGET_NAME)";
				STRING_CATALOG_GENERATE_SYMBOLS = NO;
				SWIFT_APPROACHABLE_CONCURRENCY = YES;
				SWIFT_EMIT_LOC_STRINGS = NO;
				SWIFT_UPCOMING_FEATURE_MEMBER_IMPORT_VISIBILITY = YES;
				SWIFT_VERSION = 5.0;
				TARGETED_DEVICE_FAMILY = "1,2";
				TEST_TARGET_NAME = PaymentWallet;
			};
			name = Release;
		};
/* End XCBuildConfiguration section */

/* Begin XCConfigurationList section */
		5F1024BE2ED5F2EB00FD2388 /* Build configuration list for PBXProject "PaymentWallet" */ = {
			isa = XCConfigurationList;
			buildConfigurations = (
				5F1024EF2ED5F2ED00FD2388 /* Debug */,
				5F1024F02ED5F2ED00FD2388 /* Release */,
			);
			defaultConfigurationIsVisible = 0;
			defaultConfigurationName = Release;
		};
		5F1024EC2ED5F2ED00FD2388 /* Build configuration list for PBXNativeTarget "PaymentWallet" */ = {
			isa = XCConfigurationList;
			buildConfigurations = (
				5F1024ED2ED5F2ED00FD2388 /* Debug */,
				5F1024EE2ED5F2ED00FD2388 /* Release */,
			);
			defaultConfigurationIsVisible = 0;
			defaultConfigurationName = Release;
		};
		5F1024F12ED5F2ED00FD2388 /* Build configuration list for PBXNativeTarget "PaymentWalletTests" */ = {
			isa = XCConfigurationList;
			buildConfigurations = (
				5F1024F22ED5F2ED00FD2388 /* Debug */,
				5F1024F32ED5F2ED00FD2388 /* Release */,
			);
			defaultConfigurationIsVisible = 0;
			defaultConfigurationName = Release;
		};
		5F1024F42ED5F2ED00FD2388 /* Build configuration list for PBXNativeTarget "PaymentWalletUITests" */ = {
			isa = XCConfigurationList;
			buildConfigurations = (
				5F1024F52ED5F2ED00FD2388 /* Debug */,
				5F1024F62ED5F2ED00FD2388 /* Release */,
			);
			defaultConfigurationIsVisible = 0;
			defaultConfigurationName = Release;
		};
/* End XCConfigurationList section */
	};
	rootObject = 5F1024BB2ED5F2EB00FD2388 /* Project object */;
}
