// !$*UTF8*$!
{
	archiveVersion = 1;
	classes = {
	};
	objectVersion = 77;
	objects = {

/* Begin PBXBuildFile section */
		5F6BB9682ED854AF007B6684 /* TransferFeature in Frameworks */ = {isa = PBXBuildFile; productRef = 5F6BB9672ED854AF007B6684 /* TransferFeature */; };
		5FBD3C0E2ED7A4BA00FD398A /* TransferFeature in Frameworks */ = {isa = PBXBuildFile; productRef = 5FBD3C0D2ED7A4BA00FD398A /* TransferFeature */; };
/* End PBXBuildFile section */

/* Begin PBXContainerItemProxy section */
		5FBD3BD42ED79AFA00FD398A /* PBXContainerItemProxy */ = {
			isa = PBXContainerItemProxy;
			containerPortal = 5FBD3BBE2ED79AF800FD398A /* Project object */;
			proxyType = 1;
			remoteGlobalIDString = 5FBD3BC52ED79AF800FD398A;
			remoteInfo = TransferFeatureSampleApp;
		};
/* End PBXContainerItemProxy section */

/* Begin PBXFileReference section */
		5FBD3BC62ED79AF800FD398A /* TransferFeatureSampleApp.app */ = {isa = PBXFileReference; explicitFileType = wrapper.application; includeInIndex = 0; path = TransferFeatureSampleApp.app; sourceTree = BUILT_PRODUCTS_DIR; };
		5FBD3BD32ED79AFA00FD398A /* TransferFeatureSampleAppTests.xctest */ = {isa = PBXFileReference; explicitFileType = wrapper.cfbundle; includeInIndex = 0; path = TransferFeatureSampleAppTests.xctest; sourceTree = BUILT_PRODUCTS_DIR; };
/* End PBXFileReference section */

/* Begin PBXFileSystemSynchronizedRootGroup section */
		5FBD3BC82ED79AF800FD398A /* TransferFeatureSampleApp */ = {
			isa = PBXFileSystemSynchronizedRootGroup;
			path = TransferFeatureSampleApp;
			sourceTree = "<group>";
		};
		5FBD3BD62ED79AFA00FD398A /* TransferFeatureSampleAppTests */ = {
			isa = PBXFileSystemSynchronizedRootGroup;
			path = TransferFeatureSampleAppTests;
			sourceTree = "<group>";
		};
/* End PBXFileSystemSynchronizedRootGroup section */

/* Begin PBXFrameworksBuildPhase section */
		5FBD3BC32ED79AF800FD398A /* Frameworks */ = {
			isa = PBXFrameworksBuildPhase;
			buildActionMask = 2147483647;
			files = (
				5F6BB9682ED854AF007B6684 /* TransferFeature in Frameworks */,
				5FBD3C0E2ED7A4BA00FD398A /* TransferFeature in Frameworks */,
			);
			runOnlyForDeploymentPostprocessing = 0;
		};
		5FBD3BD02ED79AFA00FD398A /* Frameworks */ = {
			isa = PBXFrameworksBuildPhase;
			buildActionMask = 2147483647;
			files = (
			);
			runOnlyForDeploymentPostprocessing = 0;
		};
/* End PBXFrameworksBuildPhase section */

/* Begin PBXGroup section */
		5FBD3BBD2ED79AF800FD398A = {
			isa = PBXGroup;
			children = (
				5FBD3BC82ED79AF800FD398A /* TransferFeatureSampleApp */,
				5FBD3BD62ED79AFA00FD398A /* TransferFeatureSampleAppTests */,
				5FBD3BC72ED79AF800FD398A /* Products */,
			);
			sourceTree = "<group>";
		};
		5FBD3BC72ED79AF800FD398A /* Products */ = {
			isa = PBXGroup;
			children = (
				5FBD3BC62ED79AF800FD398A /* TransferFeatureSampleApp.app */,
				5FBD3BD32ED79AFA00FD398A /* TransferFeatureSampleAppTests.xctest */,
			);
			name = Products;
			sourceTree = "<group>";
		};
/* End PBXGroup section */

/* Begin PBXNativeTarget section */
		5FBD3BC52ED79AF800FD398A /* TransferFeatureSampleApp */ = {
			isa = PBXNativeTarget;
			buildConfigurationList = 5FBD3BE72ED79AFA00FD398A /* Build configuration list for PBXNativeTarget "TransferFeatureSampleApp" */;
			buildPhases = (
				5FBD3BC22ED79AF800FD398A /* Sources */,
				5FBD3BC32ED79AF800FD398A /* Frameworks */,
				5FBD3BC42ED79AF800FD398A /* Resources */,
			);
			buildRules = (
			);
			dependencies = (
			);
			fileSystemSynchronizedGroups = (
				5FBD3BC82ED79AF800FD398A /* TransferFeatureSampleApp */,
			);
			name = TransferFeatureSampleApp;
			packageProductDependencies = (
				5FBD3C0D2ED7A4BA00FD398A /* TransferFeature */,
				5F6BB9672ED854AF007B6684 /* TransferFeature */,
			);
			productName = TransferFeatureSampleApp;
			productReference = 5FBD3BC62ED79AF800FD398A /* TransferFeatureSampleApp.app */;
			productType = "com.apple.product-type.application";
		};
		5FBD3BD22ED79AFA00FD398A /* TransferFeatureSampleAppTests */ = {
			isa = PBXNativeTarget;
			buildConfigurationList = 5FBD3BEA2ED79AFA00FD398A /* Build configuration list for PBXNativeTarget "TransferFeatureSampleAppTests" */;
			buildPhases = (
				5FBD3BCF2ED79AFA00FD398A /* Sources */,
				5FBD3BD02ED79AFA00FD398A /* Frameworks */,
				5FBD3BD12ED79AFA00FD398A /* Resources */,
			);
			buildRules = (
			);
			dependencies = (
				5FBD3BD52ED79AFA00FD398A /* PBXTargetDependency */,
			);
			fileSystemSynchronizedGroups = (
				5FBD3BD62ED79AFA00FD398A /* TransferFeatureSampleAppTests */,
			);
			name = TransferFeatureSampleAppTests;
			packageProductDependencies = (
			);
			productName = TransferFeatureSampleAppTests;
			productReference = 5FBD3BD32ED79AFA00FD398A /* TransferFeatureSampleAppTests.xctest */;
			productType = "com.apple.product-type.bundle.unit-test";
		};
/* End PBXNativeTarget section */

/* Begin PBXProject section */
		5FBD3BBE2ED79AF800FD398A /* Project object */ = {
			isa = PBXProject;
			attributes = {
				BuildIndependentTargetsInParallel = 1;
				LastSwiftUpdateCheck = 2610;
				LastUpgradeCheck = 2610;
				TargetAttributes = {
					5FBD3BC52ED79AF800FD398A = {
						CreatedOnToolsVersion = 26.1.1;
					};
					5FBD3BD22ED79AFA00FD398A = {
						CreatedOnToolsVersion = 26.1.1;
						TestTargetID = 5FBD3BC52ED79AF800FD398A;
					};
				};
			};
			buildConfigurationList = 5FBD3BC12ED79AF800FD398A /* Build configuration list for PBXProject "TransferFeatureSampleApp" */;
			developmentRegion = en;
			hasScannedForEncodings = 0;
			knownRegions = (
				en,
				Base,
			);
			mainGroup = 5FBD3BBD2ED79AF800FD398A;
			minimizedProjectReferenceProxies = 1;
			packageReferences = (
				5F6BB9662ED854AF007B6684 /* XCLocalSwiftPackageReference "../TransferFeature" */,
			);
			preferredProjectObjectVersion = 77;
			productRefGroup = 5FBD3BC72ED79AF800FD398A /* Products */;
			projectDirPath = "";
			projectRoot = "";
			targets = (
				5FBD3BC52ED79AF800FD398A /* TransferFeatureSampleApp */,
				5FBD3BD22ED79AFA00FD398A /* TransferFeatureSampleAppTests */,
			);
		};
/* End PBXProject section */

/* Begin PBXResourcesBuildPhase section */
		5FBD3BC42ED79AF800FD398A /* Resources */ = {
			isa = PBXResourcesBuildPhase;
			buildActionMask = 2147483647;
			files = (
			);
			runOnlyForDeploymentPostprocessing = 0;
		};
		5FBD3BD12ED79AFA00FD398A /* Resources */ = {
			isa = PBXResourcesBuildPhase;
			buildActionMask = 2147483647;
			files = (
			);
			runOnlyForDeploymentPostprocessing = 0;
		};
/* End PBXResourcesBuildPhase section */

/* Begin PBXSourcesBuildPhase section */
		5FBD3BC22ED79AF800FD398A /* Sources */ = {
			isa = PBXSourcesBuildPhase;
			buildActionMask = 2147483647;
			files = (
			);
			runOnlyForDeploymentPostprocessing = 0;
		};
		5FBD3BCF2ED79AFA00FD398A /* Sources */ = {
			isa = PBXSourcesBuildPhase;
			buildActionMask = 2147483647;
			files = (
			);
			runOnlyForDeploymentPostprocessing = 0;
		};
/* End PBXSourcesBuildPhase section */

/* Begin PBXTargetDependency section */
		5FBD3BD52ED79AFA00FD398A /* PBXTargetDependency */ = {
			isa = PBXTargetDependency;
			target = 5FBD3BC52ED79AF800FD398A /* TransferFeatureSampleApp */;
			targetProxy = 5FBD3BD42ED79AFA00FD398A /* PBXContainerItemProxy */;
		};
/* End PBXTargetDependency section */

/* Begin XCBuildConfiguration section */
		5FBD3BE52ED79AFA00FD398A /* Debug */ = {
			isa = XCBuildConfiguration;
			buildSettings = {
				ALWAYS_SEARCH_USER_PATHS = NO;
				ASSETCATALOG_COMPILER_GENERATE_SWIFT_ASSET_SYMBOL_EXTENSIONS = YES;
				CLANG_ANALYZER_NONNULL = YES;
				CLANG_ANALYZER_NUMBER_OBJECT_CONVERSION = YES_AGGRESSIVE;
				CLANG_CXX_LANGUAGE_STANDARD = "gnu++20";
				CLANG_ENABLE_MODULES = YES;
				CLANG_ENABLE_OBJC_ARC = YES;
				CLANG_ENABLE_OBJC_WEAK = YES;
				CLANG_WARN_BLOCK_CAPTURE_AUTORELEASING = YES;
				CLANG_WARN_BOOL_CONVERSION = YES;
				CLANG_WARN_COMMA = YES;
				CLANG_WARN_CONSTANT_CONVERSION = YES;
				CLANG_WARN_DEPRECATED_OBJC_IMPLEMENTATIONS = YES;
				CLANG_WARN_DIRECT_OBJC_ISA_USAGE = YES_ERROR;
				CLANG_WARN_DOCUMENTATION_COMMENTS = YES;
				CLANG_WARN_EMPTY_BODY = YES;
				CLANG_WARN_ENUM_CONVERSION = YES;
				CLANG_WARN_INFINITE_RECURSION = YES;
				CLANG_WARN_INT_CONVERSION = YES;
				CLANG_WARN_NON_LITERAL_NULL_CONVERSION = YES;
				CLANG_WARN_OBJC_IMPLICIT_RETAIN_SELF = YES;
				CLANG_WARN_OBJC_LITERAL_CONVERSION = YES;
				CLANG_WARN_OBJC_ROOT_CLASS = YES_ERROR;
				CLANG_WARN_QUOTED_INCLUDE_IN_FRAMEWORK_HEADER = YES;
				CLANG_WARN_RANGE_LOOP_ANALYSIS = YES;
				CLANG_WARN_STRICT_PROTOTYPES = YES;
				CLANG_WARN_SUSPICIOUS_MOVE = YES;
				CLANG_WARN_UNGUARDED_AVAILABILITY = YES_AGGRESSIVE;
				CLANG_WARN_UNREACHABLE_CODE = YES;
				CLANG_WARN__DUPLICATE_METHOD_MATCH = YES;
				COPY_PHASE_STRIP = NO;
				DEBUG_INFORMATION_FORMAT = dwarf;
				DEVELOPMENT_TEAM = S6MPAQT63Q;
				ENABLE_STRICT_OBJC_MSGSEND = YES;
				ENABLE_TESTABILITY = YES;
				ENABLE_USER_SCRIPT_SANDBOXING = YES;
				GCC_C_LANGUAGE_STANDARD = gnu17;
				GCC_DYNAMIC_NO_PIC = NO;
				GCC_NO_COMMON_BLOCKS = YES;
				GCC_OPTIMIZATION_LEVEL = 0;
				GCC_PREPROCESSOR_DEFINITIONS = (
					"DEBUG=1",
					"$(inherited)",
				);
				GCC_WARN_64_TO_32_BIT_CONVERSION = YES;
				GCC_WARN_ABOUT_RETURN_TYPE = YES_ERROR;
				GCC_WARN_UNDECLARED_SELECTOR = YES;
				GCC_WARN_UNINITIALIZED_AUTOS = YES_AGGRESSIVE;
				GCC_WARN_UNUSED_FUNCTION = YES;
				GCC_WARN_UNUSED_VARIABLE = YES;
				IPHONEOS_DEPLOYMENT_TARGET = 26.1;
				LOCALIZATION_PREFERS_STRING_CATALOGS = YES;
				MTL_ENABLE_DEBUG_INFO = INCLUDE_SOURCE;
				MTL_FAST_MATH = YES;
				ONLY_ACTIVE_ARCH = YES;
				SDKROOT = iphoneos;
				SWIFT_ACTIVE_COMPILATION_CONDITIONS = "DEBUG $(inherited)";
				SWIFT_OPTIMIZATION_LEVEL = "-Onone";
			};
			name = Debug;
		};
		5FBD3BE62ED79AFA00FD398A /* Release */ = {
			isa = XCBuildConfiguration;
			buildSettings = {
				ALWAYS_SEARCH_USER_PATHS = NO;
				ASSETCATALOG_COMPILER_GENERATE_SWIFT_ASSET_SYMBOL_EXTENSIONS = YES;
				CLANG_ANALYZER_NONNULL = YES;
				CLANG_ANALYZER_NUMBER_OBJECT_CONVERSION = YES_AGGRESSIVE;
				CLANG_CXX_LANGUAGE_STANDARD = "gnu++20";
				CLANG_ENABLE_MODULES = YES;
				CLANG_ENABLE_OBJC_ARC = YES;
				CLANG_ENABLE_OBJC_WEAK = YES;
				CLANG_WARN_BLOCK_CAPTURE_AUTORELEASING = YES;
				CLANG_WARN_BOOL_CONVERSION = YES;
				CLANG_WARN_COMMA = YES;
				CLANG_WARN_CONSTANT_CONVERSION = YES;
				CLANG_WARN_DEPRECATED_OBJC_IMPLEMENTATIONS = YES;
				CLANG_WARN_DIRECT_OBJC_ISA_USAGE = YES_ERROR;
				CLANG_WARN_DOCUMENTATION_COMMENTS = YES;
				CLANG_WARN_EMPTY_BODY = YES;
				CLANG_WARN_ENUM_CONVERSION = YES;
				CLANG_WARN_INFINITE_RECURSION = YES;
				CLANG_WARN_INT_CONVERSION = YES;
				CLANG_WARN_NON_LITERAL_NULL_CONVERSION = YES;
				CLANG_WARN_OBJC_IMPLICIT_RETAIN_SELF = YES;
				CLANG_WARN_OBJC_LITERAL_CONVERSION = YES;
				CLANG_WARN_OBJC_ROOT_CLASS = YES_ERROR;
				CLANG_WARN_QUOTED_INCLUDE_IN_FRAMEWORK_HEADER = YES;
				CLANG_WARN_RANGE_LOOP_ANALYSIS = YES;
				CLANG_WARN_STRICT_PROTOTYPES = YES;
				CLANG_WARN_SUSPICIOUS_MOVE = YES;
				CLANG_WARN_UNGUARDED_AVAILABILITY = YES_AGGRESSIVE;
				CLANG_WARN_UNREACHABLE_CODE = YES;
				CLANG_WARN__DUPLICATE_METHOD_MATCH = YES;
				COPY_PHASE_STRIP = NO;
				DEBUG_INFORMATION_FORMAT = "dwarf-with-dsym";
				DEVELOPMENT_TEAM = S6MPAQT63Q;
				ENABLE_NS_ASSERTIONS = NO;
				ENABLE_STRICT_OBJC_MSGSEND = YES;
				ENABLE_USER_SCRIPT_SANDBOXING = YES;
				GCC_C_LANGUAGE_STANDARD = gnu17;
				GCC_NO_COMMON_BLOCKS = YES;
				GCC_WARN_64_TO_32_BIT_CONVERSION = YES;
				GCC_WARN_ABOUT_RETURN_TYPE = YES_ERROR;
				GCC_WARN_UNDECLARED_SELECTOR = YES;
				GCC_WARN_UNINITIALIZED_AUTOS = YES_AGGRESSIVE;
				GCC_WARN_UNUSED_FUNCTION = YES;
				GCC_WARN_UNUSED_VARIABLE = YES;
				IPHONEOS_DEPLOYMENT_TARGET = 26.1;
				LOCALIZATION_PREFERS_STRING_CATALOGS = YES;
				MTL_ENABLE_DEBUG_INFO = NO;
				MTL_FAST_MATH = YES;
				SDKROOT = iphoneos;
				SWIFT_COMPILATION_MODE = wholemodule;
				VALIDATE_PRODUCT = YES;
			};
			name = Release;
		};
		5FBD3BE82ED79AFA00FD398A /* Debug */ = {
			isa = XCBuildConfiguration;
			buildSettings = {
				ASSETCATALOG_COMPILER_APPICON_NAME = AppIcon;
				ASSETCATALOG_COMPILER_GLOBAL_ACCENT_COLOR_NAME = AccentColor;
				CODE_SIGN_STYLE = Automatic;
				CURRENT_PROJECT_VERSION = 1;
				DEVELOPMENT_TEAM = S6MPAQT63Q;
				ENABLE_PREVIEWS = YES;
				GENERATE_INFOPLIST_FILE = YES;
				INFOPLIST_KEY_UIApplicationSceneManifest_Generation = YES;
				INFOPLIST_KEY_UIApplicationSupportsIndirectInputEvents = YES;
				INFOPLIST_KEY_UILaunchScreen_Generation = YES;
				INFOPLIST_KEY_UISupportedInterfaceOrientations_iPad = "UIInterfaceOrientationPortrait UIInterfaceOrientationPortraitUpsideDown UIInterfaceOrientationLandscapeLeft UIInterfaceOrientationLandscapeRight";
				INFOPLIST_KEY_UISupportedInterfaceOrientations_iPhone = "UIInterfaceOrientationPortrait UIInterfaceOrientationLandscapeLeft UIInterfaceOrientationLandscapeRight";
				LD_RUNPATH_SEARCH_PATHS = (
					"$(inherited)",
					"@executable_path/Frameworks",
				);
				MARKETING_VERSION = 1.0;
				PRODUCT_BUNDLE_IDENTIFIER = com.marcellochuahy.TransferFeatureSampleApp;
				PRODUCT_NAME = "$(TARGET_NAME)";
				STRING_CATALOG_GENERATE_SYMBOLS = YES;
				SWIFT_APPROACHABLE_CONCURRENCY = YES;
				SWIFT_DEFAULT_ACTOR_ISOLATION = MainActor;
				SWIFT_EMIT_LOC_STRINGS = YES;
				SWIFT_UPCOMING_FEATURE_MEMBER_IMPORT_VISIBILITY = YES;
				SWIFT_VERSION = 5.0;
				TARGETED_DEVICE_FAMILY = "1,2";
			};
			name = Debug;
		};
		5FBD3BE92ED79AFA00FD398A /* Release */ = {
			isa = XCBuildConfiguration;
			buildSettings = {
				ASSETCATALOG_COMPILER_APPICON_NAME = AppIcon;
				ASSETCATALOG_COMPILER_GLOBAL_ACCENT_COLOR_NAME = AccentColor;
				CODE_SIGN_STYLE = Automatic;
				CURRENT_PROJECT_VERSION = 1;
				DEVELOPMENT_TEAM = S6MPAQT63Q;
				ENABLE_PREVIEWS = YES;
				GENERATE_INFOPLIST_FILE = YES;
				INFOPLIST_KEY_UIApplicationSceneManifest_Generation = YES;
				INFOPLIST_KEY_UIApplicationSupportsIndirectInputEvents = YES;
				INFOPLIST_KEY_UILaunchScreen_Generation = YES;
				INFOPLIST_KEY_UISupportedInterfaceOrientations_iPad = "UIInterfaceOrientationPortrait UIInterfaceOrientationPortraitUpsideDown UIInterfaceOrientationLandscapeLeft UIInterfaceOrientationLandscapeRight";
				INFOPLIST_KEY_UISupportedInterfaceOrientations_iPhone = "UIInterfaceOrientationPortrait UIInterfaceOrientationLandscapeLeft UIInterfaceOrientationLandscapeRight";
				LD_RUNPATH_SEARCH_PATHS = (
					"$(inherited)",
					"@executable_path/Frameworks",
				);
				MARKETING_VERSION = 1.0;
				PRODUCT_BUNDLE_IDENTIFIER = com.marcellochuahy.TransferFeatureSampleApp;
				PRODUCT_NAME = "$(TARGET_NAME)";
				STRING_CATALOG_GENERATE_SYMBOLS = YES;
				SWIFT_APPROACHABLE_CONCURRENCY = YES;
				SWIFT_DEFAULT_ACTOR_ISOLATION = MainActor;
				SWIFT_EMIT_LOC_STRINGS = YES;
				SWIFT_UPCOMING_FEATURE_MEMBER_IMPORT_VISIBILITY = YES;
				SWIFT_VERSION = 5.0;
				TARGETED_DEVICE_FAMILY = "1,2";
			};
			name = Release;
		};
		5FBD3BEB2ED79AFA00FD398A /* Debug */ = {
			isa = XCBuildConfiguration;
			buildSettings = {
				BUNDLE_LOADER = "$(TEST_HOST)";
				CODE_SIGN_STYLE = Automatic;
				CURRENT_PROJECT_VERSION = 1;
				DEVELOPMENT_TEAM = S6MPAQT63Q;
				GENERATE_INFOPLIST_FILE = YES;
				IPHONEOS_DEPLOYMENT_TARGET = 26.1;
				MARKETING_VERSION = 1.0;
				PRODUCT_BUNDLE_IDENTIFIER = com.marcellochuahy.TransferFeatureSampleAppTests;
				PRODUCT_NAME = "$(TARGET_NAME)";
				STRING_CATALOG_GENERATE_SYMBOLS = NO;
				SWIFT_APPROACHABLE_CONCURRENCY = YES;
				SWIFT_EMIT_LOC_STRINGS = NO;
				SWIFT_UPCOMING_FEATURE_MEMBER_IMPORT_VISIBILITY = YES;
				SWIFT_VERSION = 5.0;
				TARGETED_DEVICE_FAMILY = "1,2";
				TEST_HOST = "$(BUILT_PRODUCTS_DIR)/TransferFeatureSampleApp.app/$(BUNDLE_EXECUTABLE_FOLDER_PATH)/TransferFeatureSampleApp";
			};
			name = Debug;
		};
		5FBD3BEC2ED79AFA00FD398A /* Release */ = {
			isa = XCBuildConfiguration;
			buildSettings = {
				BUNDLE_LOADER = "$(TEST_HOST)";
				CODE_SIGN_STYLE = Automatic;
				CURRENT_PROJECT_VERSION = 1;
				DEVELOPMENT_TEAM = S6MPAQT63Q;
				GENERATE_INFOPLIST_FILE = YES;
				IPHONEOS_DEPLOYMENT_TARGET = 26.1;
				MARKETING_VERSION = 1.0;
				PRODUCT_BUNDLE_IDENTIFIER = com.marcellochuahy.TransferFeatureSampleAppTests;
				PRODUCT_NAME = "$(TARGET_NAME)";
				STRING_CATALOG_GENERATE_SYMBOLS = NO;
				SWIFT_APPROACHABLE_CONCURRENCY = YES;
				SWIFT_EMIT_LOC_STRINGS = NO;
				SWIFT_UPCOMING_FEATURE_MEMBER_IMPORT_VISIBILITY = YES;
				SWIFT_VERSION = 5.0;
				TARGETED_DEVICE_FAMILY = "1,2";
				TEST_HOST = "$(BUILT_PRODUCTS_DIR)/TransferFeatureSampleApp.app/$(BUNDLE_EXECUTABLE_FOLDER_PATH)/TransferFeatureSampleApp";
			};
			name = Release;
		};
/* End XCBuildConfiguration section */

/* Begin XCConfigurationList section */
		5FBD3BC12ED79AF800FD398A /* Build configuration list for PBXProject "TransferFeatureSampleApp" */ = {
			isa = XCConfigurationList;
			buildConfigurations = (
				5FBD3BE52ED79AFA00FD398A /* Debug */,
				5FBD3BE62ED79AFA00FD398A /* Release */,
			);
			defaultConfigurationIsVisible = 0;
			defaultConfigurationName = Release;
		};
		5FBD3BE72ED79AFA00FD398A /* Build configuration list for PBXNativeTarget "TransferFeatureSampleApp" */ = {
			isa = XCConfigurationList;
			buildConfigurations = (
				5FBD3BE82ED79AFA00FD398A /* Debug */,
				5FBD3BE92ED79AFA00FD398A /* Release */,
			);
			defaultConfigurationIsVisible = 0;
			defaultConfigurationName = Release;
		};
		5FBD3BEA2ED79AFA00FD398A /* Build configuration list for PBXNativeTarget "TransferFeatureSampleAppTests" */ = {
			isa = XCConfigurationList;
			buildConfigurations = (
				5FBD3BEB2ED79AFA00FD398A /* Debug */,
				5FBD3BEC2ED79AFA00FD398A /* Release */,
			);
			defaultConfigurationIsVisible = 0;
			defaultConfigurationName = Release;
		};
/* End XCConfigurationList section */

/* Begin XCLocalSwiftPackageReference section */
		5F6BB9662ED854AF007B6684 /* XCLocalSwiftPackageReference "../TransferFeature" */ = {
			isa = XCLocalSwiftPackageReference;
			relativePath = ../TransferFeature;
		};
/* End XCLocalSwiftPackageReference section */

/* Begin XCSwiftPackageProductDependency section */
		5F6BB9672ED854AF007B6684 /* TransferFeature */ = {
			isa = XCSwiftPackageProductDependency;
			productName = TransferFeature;
		};
		5FBD3C0D2ED7A4BA00FD398A /* TransferFeature */ = {
			isa = XCSwiftPackageProductDependency;
			productName = TransferFeature;
		};
/* End XCSwiftPackageProductDependency section */
	};
	rootObject = 5FBD3BBE2ED79AF800FD398A /* Project object */;
}
