// !$*UTF8*$!
{
	archiveVersion = 1;
	classes = {
	};
	objectVersion = 77;
	objects = {

/* Begin PBXBuildFile section */
		5F65DD482ED72E4D000B31B5 /* ViewInspector in Frameworks */ = {isa = PBXBuildFile; productRef = 5F65DD472ED72E4D000B31B5 /* ViewInspector */; };
		5F6BB9CA2ED85618007B6684 /* HomeView.swift in Sources */ = {isa = PBXBuildFile; fileRef = 5F6BB9C72ED85618007B6684 /* HomeView.swift */; };
		5F6BB9CB2ED85618007B6684 /* HomeViewModel.swift in Sources */ = {isa = PBXBuildFile; fileRef = 5F6BB9C82ED85618007B6684 /* HomeViewModel.swift */; };
		5F6BB9CC2ED85618007B6684 /* WalletFeatureEntryPoint.swift in Sources */ = {isa = PBXBuildFile; fileRef = 5F6BB9C92ED85618007B6684 /* WalletFeatureEntryPoint.swift */; };
		5F6BB9CD2ED85618007B6684 /* HomeView.swift in Sources */ = {isa = PBXBuildFile; fileRef = 5F6BB9C72ED85618007B6684 /* HomeView.swift */; };
		5F6BB9CE2ED85618007B6684 /* HomeViewModel.swift in Sources */ = {isa = PBXBuildFile; fileRef = 5F6BB9C82ED85618007B6684 /* HomeViewModel.swift */; };
		5F6BB9CF2ED85618007B6684 /* WalletFeatureEntryPoint.swift in Sources */ = {isa = PBXBuildFile; fileRef = 5F6BB9C92ED85618007B6684 /* WalletFeatureEntryPoint.swift */; };
		5FC4DD262ED8A20500F91A1F /* ContactDataTransfer.swift in Sources */ = {isa = PBXBuildFile; fileRef = 5FC4DD252ED8A20500F91A1F /* ContactDataTransfer.swift */; };
		5FC4DD272ED8A20500F91A1F /* ContactDataTransfer.swift in Sources */ = {isa = PBXBuildFile; fileRef = 5FC4DD252ED8A20500F91A1F /* ContactDataTransfer.swift */; };
		5FC4DD292ED8A28200F91A1F /* UserInfoDataTransfer.swift in Sources */ = {isa = PBXBuildFile; fileRef = 5FC4DD282ED8A28200F91A1F /* UserInfoDataTransfer.swift */; };
		5FC4DD2A2ED8A28200F91A1F /* UserInfoDataTransfer.swift in Sources */ = {isa = PBXBuildFile; fileRef = 5FC4DD282ED8A28200F91A1F /* UserInfoDataTransfer.swift */; };
/* End PBXBuildFile section */

/* Begin PBXContainerItemProxy section */
		5F65DD092ED71B50000B31B5 /* PBXContainerItemProxy */ = {
			isa = PBXContainerItemProxy;
			containerPortal = 5F65DCF32ED71B4E000B31B5 /* Project object */;
			proxyType = 1;
			remoteGlobalIDString = 5F65DCFA2ED71B4E000B31B5;
			remoteInfo = WalletFeatureSampleApp;
		};
/* End PBXContainerItemProxy section */

/* Begin PBXFileReference section */
		5F65DCFB2ED71B4E000B31B5 /* WalletFeatureSampleApp.app */ = {isa = PBXFileReference; explicitFileType = wrapper.application; includeInIndex = 0; path = WalletFeatureSampleApp.app; sourceTree = BUILT_PRODUCTS_DIR; };
		5F65DD082ED71B50000B31B5 /* WalletFeatureSampleAppTests.xctest */ = {isa = PBXFileReference; explicitFileType = wrapper.cfbundle; includeInIndex = 0; path = WalletFeatureSampleAppTests.xctest; sourceTree = BUILT_PRODUCTS_DIR; };
		5F6BB9C72ED85618007B6684 /* HomeView.swift */ = {isa = PBXFileReference; lastKnownFileType = sourcecode.swift; name = HomeView.swift; path = ../WalletFeature/Sources/WalletFeature/HomeView.swift; sourceTree = SOURCE_ROOT; };
		5F6BB9C82ED85618007B6684 /* HomeViewModel.swift */ = {isa = PBXFileReference; lastKnownFileType = sourcecode.swift; name = HomeViewModel.swift; path = ../WalletFeature/Sources/WalletFeature/HomeViewModel.swift; sourceTree = SOURCE_ROOT; };
		5F6BB9C92ED85618007B6684 /* WalletFeatureEntryPoint.swift */ = {isa = PBXFileReference; lastKnownFileType = sourcecode.swift; name = WalletFeatureEntryPoint.swift; path = ../WalletFeature/Sources/WalletFeature/WalletFeatureEntryPoint.swift; sourceTree = SOURCE_ROOT; };
		5FC4DD252ED8A20500F91A1F /* ContactDataTransfer.swift */ = {isa = PBXFileReference; lastKnownFileType = sourcecode.swift; name = ContactDataTransfer.swift; path = ../WalletFeature/Sources/WalletFeature/ContactDataTransfer.swift; sourceTree = SOURCE_ROOT; };
		5FC4DD282ED8A28200F91A1F /* UserInfoDataTransfer.swift */ = {isa = PBXFileReference; lastKnownFileType = sourcecode.swift; name = UserInfoDataTransfer.swift; path = ../WalletFeature/Sources/WalletFeature/UserInfoDataTransfer.swift; sourceTree = SOURCE_ROOT; };
/* End PBXFileReference section */

/* Begin PBXFileSystemSynchronizedBuildFileExceptionSet section */
		5FC4DD322ED8A92900F91A1F /* Exceptions for "WalletFeatureSampleApp" folder in "WalletFeatureSampleAppTests" target */ = {
			isa = PBXFileSystemSynchronizedBuildFileExceptionSet;
			membershipExceptions = (
				Constants.swift,
			);
			target = 5F65DD072ED71B50000B31B5 /* WalletFeatureSampleAppTests */;
		};
/* End PBXFileSystemSynchronizedBuildFileExceptionSet section */

/* Begin PBXFileSystemSynchronizedRootGroup section */
		5F65DCFD2ED71B4E000B31B5 /* WalletFeatureSampleApp */ = {
			isa = PBXFileSystemSynchronizedRootGroup;
			exceptions = (
				5FC4DD322ED8A92900F91A1F /* Exceptions for "WalletFeatureSampleApp" folder in "WalletFeatureSampleAppTests" target */,
			);
			path = WalletFeatureSampleApp;
			sourceTree = "<group>";
		};
		5F65DD0B2ED71B50000B31B5 /* WalletFeatureSampleAppTests */ = {
			isa = PBXFileSystemSynchronizedRootGroup;
			path = WalletFeatureSampleAppTests;
			sourceTree = "<group>";
		};
/* End PBXFileSystemSynchronizedRootGroup section */

/* Begin PBXFrameworksBuildPhase section */
		5F65DCF82ED71B4E000B31B5 /* Frameworks */ = {
			isa = PBXFrameworksBuildPhase;
			buildActionMask = 2147483647;
			files = (
			);
			runOnlyForDeploymentPostprocessing = 0;
		};
		5F65DD052ED71B50000B31B5 /* Frameworks */ = {
			isa = PBXFrameworksBuildPhase;
			buildActionMask = 2147483647;
			files = (
				5F65DD482ED72E4D000B31B5 /* ViewInspector in Frameworks */,
			);
			runOnlyForDeploymentPostprocessing = 0;
		};
/* End PBXFrameworksBuildPhase section */

/* Begin PBXGroup section */
		5F65DCF22ED71B4E000B31B5 = {
			isa = PBXGroup;
			children = (
				5F65DD252ED71CBB000B31B5 /* WalletFeatureSources */,
				5F65DCFD2ED71B4E000B31B5 /* WalletFeatureSampleApp */,
				5F65DD0B2ED71B50000B31B5 /* WalletFeatureSampleAppTests */,
				5F65DD462ED72E4D000B31B5 /* Frameworks */,
				5F65DCFC2ED71B4E000B31B5 /* Products */,
			);
			sourceTree = "<group>";
		};
		5F65DCFC2ED71B4E000B31B5 /* Products */ = {
			isa = PBXGroup;
			children = (
				5F65DCFB2ED71B4E000B31B5 /* WalletFeatureSampleApp.app */,
				5F65DD082ED71B50000B31B5 /* WalletFeatureSampleAppTests.xctest */,
			);
			name = Products;
			sourceTree = "<group>";
		};
		5F65DD252ED71CBB000B31B5 /* WalletFeatureSources */ = {
			isa = PBXGroup;
			children = (
				5F6BB9C72ED85618007B6684 /* HomeView.swift */,
				5F6BB9C82ED85618007B6684 /* HomeViewModel.swift */,
				5F6BB9C92ED85618007B6684 /* WalletFeatureEntryPoint.swift */,
				5FC4DD252ED8A20500F91A1F /* ContactDataTransfer.swift */,
				5FC4DD282ED8A28200F91A1F /* UserInfoDataTransfer.swift */,
			);
			path = WalletFeatureSources;
			sourceTree = "<group>";
		};
		5F65DD462ED72E4D000B31B5 /* Frameworks */ = {
			isa = PBXGroup;
			children = (
			);
			name = Frameworks;
			sourceTree = "<group>";
		};
/* End PBXGroup section */

/* Begin PBXNativeTarget section */
		5F65DCFA2ED71B4E000B31B5 /* WalletFeatureSampleApp */ = {
			isa = PBXNativeTarget;
			buildConfigurationList = 5F65DD1C2ED71B50000B31B5 /* Build configuration list for PBXNativeTarget "WalletFeatureSampleApp" */;
			buildPhases = (
				5F65DCF72ED71B4E000B31B5 /* Sources */,
				5F65DCF82ED71B4E000B31B5 /* Frameworks */,
				5F65DCF92ED71B4E000B31B5 /* Resources */,
			);
			buildRules = (
			);
			dependencies = (
			);
			fileSystemSynchronizedGroups = (
				5F65DCFD2ED71B4E000B31B5 /* WalletFeatureSampleApp */,
			);
			name = WalletFeatureSampleApp;
			packageProductDependencies = (
			);
			productName = WalletFeatureSampleApp;
			productReference = 5F65DCFB2ED71B4E000B31B5 /* WalletFeatureSampleApp.app */;
			productType = "com.apple.product-type.application";
		};
		5F65DD072ED71B50000B31B5 /* WalletFeatureSampleAppTests */ = {
			isa = PBXNativeTarget;
			buildConfigurationList = 5F65DD1F2ED71B50000B31B5 /* Build configuration list for PBXNativeTarget "WalletFeatureSampleAppTests" */;
			buildPhases = (
				5F65DD042ED71B50000B31B5 /* Sources */,
				5F65DD052ED71B50000B31B5 /* Frameworks */,
				5F65DD062ED71B50000B31B5 /* Resources */,
			);
			buildRules = (
			);
			dependencies = (
				5F65DD0A2ED71B50000B31B5 /* PBXTargetDependency */,
			);
			fileSystemSynchronizedGroups = (
				5F65DD0B2ED71B50000B31B5 /* WalletFeatureSampleAppTests */,
			);
			name = WalletFeatureSampleAppTests;
			packageProductDependencies = (
				5F65DD472ED72E4D000B31B5 /* ViewInspector */,
			);
			productName = WalletFeatureSampleAppTests;
			productReference = 5F65DD082ED71B50000B31B5 /* WalletFeatureSampleAppTests.xctest */;
			productType = "com.apple.product-type.bundle.unit-test";
		};
/* End PBXNativeTarget section */

/* Begin PBXProject section */
		5F65DCF32ED71B4E000B31B5 /* Project object */ = {
			isa = PBXProject;
			attributes = {
				BuildIndependentTargetsInParallel = 1;
				LastSwiftUpdateCheck = 2610;
				LastUpgradeCheck = 2610;
				TargetAttributes = {
					5F65DCFA2ED71B4E000B31B5 = {
						CreatedOnToolsVersion = 26.1.1;
					};
					5F65DD072ED71B50000B31B5 = {
						CreatedOnToolsVersion = 26.1.1;
						TestTargetID = 5F65DCFA2ED71B4E000B31B5;
					};
				};
			};
			buildConfigurationList = 5F65DCF62ED71B4E000B31B5 /* Build configuration list for PBXProject "WalletFeatureSampleApp" */;
			developmentRegion = en;
			hasScannedForEncodings = 0;
			knownRegions = (
				en,
				Base,
				"pt-BR",
			);
			mainGroup = 5F65DCF22ED71B4E000B31B5;
			minimizedProjectReferenceProxies = 1;
			packageReferences = (
				5F65DD432ED72E06000B31B5 /* XCRemoteSwiftPackageReference "ViewInspector" */,
			);
			preferredProjectObjectVersion = 77;
			productRefGroup = 5F65DCFC2ED71B4E000B31B5 /* Products */;
			projectDirPath = "";
			projectRoot = "";
			targets = (
				5F65DCFA2ED71B4E000B31B5 /* WalletFeatureSampleApp */,
				5F65DD072ED71B50000B31B5 /* WalletFeatureSampleAppTests */,
			);
		};
/* End PBXProject section */

/* Begin PBXResourcesBuildPhase section */
		5F65DCF92ED71B4E000B31B5 /* Resources */ = {
			isa = PBXResourcesBuildPhase;
			buildActionMask = 2147483647;
			files = (
			);
			runOnlyForDeploymentPostprocessing = 0;
		};
		5F65DD062ED71B50000B31B5 /* Resources */ = {
			isa = PBXResourcesBuildPhase;
			buildActionMask = 2147483647;
			files = (
			);
			runOnlyForDeploymentPostprocessing = 0;
		};
/* End PBXResourcesBuildPhase section */

/* Begin PBXSourcesBuildPhase section */
		5F65DCF72ED71B4E000B31B5 /* Sources */ = {
			isa = PBXSourcesBuildPhase;
			buildActionMask = 2147483647;
			files = (
				5FC4DD272ED8A20500F91A1F /* ContactDataTransfer.swift in Sources */,
				5F6BB9CD2ED85618007B6684 /* HomeView.swift in Sources */,
				5F6BB9CE2ED85618007B6684 /* HomeViewModel.swift in Sources */,
				5F6BB9CF2ED85618007B6684 /* WalletFeatureEntryPoint.swift in Sources */,
				5FC4DD2A2ED8A28200F91A1F /* UserInfoDataTransfer.swift in Sources */,
			);
			runOnlyForDeploymentPostprocessing = 0;
		};
		5F65DD042ED71B50000B31B5 /* Sources */ = {
			isa = PBXSourcesBuildPhase;
			buildActionMask = 2147483647;
			files = (
				5F6BB9CA2ED85618007B6684 /* HomeView.swift in Sources */,
				5FC4DD292ED8A28200F91A1F /* UserInfoDataTransfer.swift in Sources */,
				5F6BB9CB2ED85618007B6684 /* HomeViewModel.swift in Sources */,
				5F6BB9CC2ED85618007B6684 /* WalletFeatureEntryPoint.swift in Sources */,
				5FC4DD262ED8A20500F91A1F /* ContactDataTransfer.swift in Sources */,
			);
			runOnlyForDeploymentPostprocessing = 0;
		};
/* End PBXSourcesBuildPhase section */

/* Begin PBXTargetDependency section */
		5F65DD0A2ED71B50000B31B5 /* PBXTargetDependency */ = {
			isa = PBXTargetDependency;
			target = 5F65DCFA2ED71B4E000B31B5 /* WalletFeatureSampleApp */;
			targetProxy = 5F65DD092ED71B50000B31B5 /* PBXContainerItemProxy */;
		};
/* End PBXTargetDependency section */

/* Begin XCBuildConfiguration section */
		5F65DD1A2ED71B50000B31B5 /* Debug */ = {
			isa = XCBuildConfiguration;
			buildSettings = {
				ALWAYS_SEARCH_USER_PATHS = NO;
				ASSETCATALOG_COMPILER_GENERATE_SWIFT_ASSET_SYMBOL_EXTENSIONS = YES;
				CLANG_ANALYZER_NONNULL = YES;
				CLANG_ANALYZER_NUMBER_OBJECT_CONVERSION = YES_AGGRESSIVE;
				CLANG_CXX_LANGUAGE_STANDARD = "gnu++20";
				CLANG_ENABLE_MODULES = YES;
				CLANG_ENABLE_OBJC_ARC = YES;
				CLANG_ENABLE_OBJC_WEAK = YES;
				CLANG_WARN_BLOCK_CAPTURE_AUTORELEASING = YES;
				CLANG_WARN_BOOL_CONVERSION = YES;
				CLANG_WARN_COMMA = YES;
				CLANG_WARN_CONSTANT_CONVERSION = YES;
				CLANG_WARN_DEPRECATED_OBJC_IMPLEMENTATIONS = YES;
				CLANG_WARN_DIRECT_OBJC_ISA_USAGE = YES_ERROR;
				CLANG_WARN_DOCUMENTATION_COMMENTS = YES;
				CLANG_WARN_EMPTY_BODY = YES;
				CLANG_WARN_ENUM_CONVERSION = YES;
				CLANG_WARN_INFINITE_RECURSION = YES;
				CLANG_WARN_INT_CONVERSION = YES;
				CLANG_WARN_NON_LITERAL_NULL_CONVERSION = YES;
				CLANG_WARN_OBJC_IMPLICIT_RETAIN_SELF = YES;
				CLANG_WARN_OBJC_LITERAL_CONVERSION = YES;
				CLANG_WARN_OBJC_ROOT_CLASS = YES_ERROR;
				CLANG_WARN_QUOTED_INCLUDE_IN_FRAMEWORK_HEADER = YES;
				CLANG_WARN_RANGE_LOOP_ANALYSIS = YES;
				CLANG_WARN_STRICT_PROTOTYPES = YES;
				CLANG_WARN_SUSPICIOUS_MOVE = YES;
				CLANG_WARN_UNGUARDED_AVAILABILITY = YES_AGGRESSIVE;
				CLANG_WARN_UNREACHABLE_CODE = YES;
				CLANG_WARN__DUPLICATE_METHOD_MATCH = YES;
				COPY_PHASE_STRIP = NO;
				DEBUG_INFORMATION_FORMAT = dwarf;
				DEVELOPMENT_TEAM = S6MPAQT63Q;
				ENABLE_STRICT_OBJC_MSGSEND = YES;
				ENABLE_TESTABILITY = YES;
				ENABLE_USER_SCRIPT_SANDBOXING = YES;
				GCC_C_LANGUAGE_STANDARD = gnu17;
				GCC_DYNAMIC_NO_PIC = NO;
				GCC_NO_COMMON_BLOCKS = YES;
				GCC_OPTIMIZATION_LEVEL = 0;
				GCC_PREPROCESSOR_DEFINITIONS = (
					"DEBUG=1",
					"$(inherited)",
				);
				GCC_WARN_64_TO_32_BIT_CONVERSION = YES;
				GCC_WARN_ABOUT_RETURN_TYPE = YES_ERROR;
				GCC_WARN_UNDECLARED_SELECTOR = YES;
				GCC_WARN_UNINITIALIZED_AUTOS = YES_AGGRESSIVE;
				GCC_WARN_UNUSED_FUNCTION = YES;
				GCC_WARN_UNUSED_VARIABLE = YES;
				IPHONEOS_DEPLOYMENT_TARGET = 26.1;
				LOCALIZATION_PREFERS_STRING_CATALOGS = YES;
				MTL_ENABLE_DEBUG_INFO = INCLUDE_SOURCE;
				MTL_FAST_MATH = YES;
				ONLY_ACTIVE_ARCH = YES;
				SDKROOT = iphoneos;
				SWIFT_ACTIVE_COMPILATION_CONDITIONS = "DEBUG $(inherited)";
				SWIFT_EMIT_LOC_STRINGS = YES;
				SWIFT_OPTIMIZATION_LEVEL = "-Onone";
			};
			name = Debug;
		};
		5F65DD1B2ED71B50000B31B5 /* Release */ = {
			isa = XCBuildConfiguration;
			buildSettings = {
				ALWAYS_SEARCH_USER_PATHS = NO;
				ASSETCATALOG_COMPILER_GENERATE_SWIFT_ASSET_SYMBOL_EXTENSIONS = YES;
				CLANG_ANALYZER_NONNULL = YES;
				CLANG_ANALYZER_NUMBER_OBJECT_CONVERSION = YES_AGGRESSIVE;
				CLANG_CXX_LANGUAGE_STANDARD = "gnu++20";
				CLANG_ENABLE_MODULES = YES;
				CLANG_ENABLE_OBJC_ARC = YES;
				CLANG_ENABLE_OBJC_WEAK = YES;
				CLANG_WARN_BLOCK_CAPTURE_AUTORELEASING = YES;
				CLANG_WARN_BOOL_CONVERSION = YES;
				CLANG_WARN_COMMA = YES;
				CLANG_WARN_CONSTANT_CONVERSION = YES;
				CLANG_WARN_DEPRECATED_OBJC_IMPLEMENTATIONS = YES;
				CLANG_WARN_DIRECT_OBJC_ISA_USAGE = YES_ERROR;
				CLANG_WARN_DOCUMENTATION_COMMENTS = YES;
				CLANG_WARN_EMPTY_BODY = YES;
				CLANG_WARN_ENUM_CONVERSION = YES;
				CLANG_WARN_INFINITE_RECURSION = YES;
				CLANG_WARN_INT_CONVERSION = YES;
				CLANG_WARN_NON_LITERAL_NULL_CONVERSION = YES;
				CLANG_WARN_OBJC_IMPLICIT_RETAIN_SELF = YES;
				CLANG_WARN_OBJC_LITERAL_CONVERSION = YES;
				CLANG_WARN_OBJC_ROOT_CLASS = YES_ERROR;
				CLANG_WARN_QUOTED_INCLUDE_IN_FRAMEWORK_HEADER = YES;
				CLANG_WARN_RANGE_LOOP_ANALYSIS = YES;
				CLANG_WARN_STRICT_PROTOTYPES = YES;
				CLANG_WARN_SUSPICIOUS_MOVE = YES;
				CLANG_WARN_UNGUARDED_AVAILABILITY = YES_AGGRESSIVE;
				CLANG_WARN_UNREACHABLE_CODE = YES;
				CLANG_WARN__DUPLICATE_METHOD_MATCH = YES;
				COPY_PHASE_STRIP = NO;
				DEBUG_INFORMATION_FORMAT = "dwarf-with-dsym";
				DEVELOPMENT_TEAM = S6MPAQT63Q;
				ENABLE_NS_ASSERTIONS = NO;
				ENABLE_STRICT_OBJC_MSGSEND = YES;
				ENABLE_USER_SCRIPT_SANDBOXING = YES;
				GCC_C_LANGUAGE_STANDARD = gnu17;
				GCC_NO_COMMON_BLOCKS = YES;
				GCC_WARN_64_TO_32_BIT_CONVERSION = YES;
				GCC_WARN_ABOUT_RETURN_TYPE = YES_ERROR;
				GCC_WARN_UNDECLARED_SELECTOR = YES;
				GCC_WARN_UNINITIALIZED_AUTOS = YES_AGGRESSIVE;
				GCC_WARN_UNUSED_FUNCTION = YES;
				GCC_WARN_UNUSED_VARIABLE = YES;
				IPHONEOS_DEPLOYMENT_TARGET = 26.1;
				LOCALIZATION_PREFERS_STRING_CATALOGS = YES;
				MTL_ENABLE_DEBUG_INFO = NO;
				MTL_FAST_MATH = YES;
				SDKROOT = iphoneos;
				SWIFT_COMPILATION_MODE = wholemodule;
				SWIFT_EMIT_LOC_STRINGS = YES;
				VALIDATE_PRODUCT = YES;
			};
			name = Release;
		};
		5F65DD1D2ED71B50000B31B5 /* Debug */ = {
			isa = XCBuildConfiguration;
			buildSettings = {
				ASSETCATALOG_COMPILER_APPICON_NAME = AppIcon;
				ASSETCATALOG_COMPILER_GLOBAL_ACCENT_COLOR_NAME = AccentColor;
				CODE_SIGN_STYLE = Automatic;
				CURRENT_PROJECT_VERSION = 1;
				DEVELOPMENT_TEAM = S6MPAQT63Q;
				ENABLE_PREVIEWS = YES;
				GENERATE_INFOPLIST_FILE = YES;
				INFOPLIST_KEY_UIApplicationSceneManifest_Generation = YES;
				INFOPLIST_KEY_UIApplicationSupportsIndirectInputEvents = YES;
				INFOPLIST_KEY_UILaunchScreen_Generation = YES;
				INFOPLIST_KEY_UISupportedInterfaceOrientations_iPad = "UIInterfaceOrientationPortrait UIInterfaceOrientationPortraitUpsideDown UIInterfaceOrientationLandscapeLeft UIInterfaceOrientationLandscapeRight";
				INFOPLIST_KEY_UISupportedInterfaceOrientations_iPhone = "UIInterfaceOrientationPortrait UIInterfaceOrientationLandscapeLeft UIInterfaceOrientationLandscapeRight";
				LD_RUNPATH_SEARCH_PATHS = (
					"$(inherited)",
					"@executable_path/Frameworks",
				);
				MARKETING_VERSION = 1.0;
				PRODUCT_BUNDLE_IDENTIFIER = com.marcellochuahy.WalletFeatureSampleApp;
				PRODUCT_NAME = "$(TARGET_NAME)";
				STRING_CATALOG_GENERATE_SYMBOLS = YES;
				SWIFT_APPROACHABLE_CONCURRENCY = YES;
				SWIFT_DEFAULT_ACTOR_ISOLATION = MainActor;
				SWIFT_EMIT_LOC_STRINGS = YES;
				SWIFT_UPCOMING_FEATURE_MEMBER_IMPORT_VISIBILITY = YES;
				SWIFT_VERSION = 5.0;
				TARGETED_DEVICE_FAMILY = "1,2";
			};
			name = Debug;
		};
		5F65DD1E2ED71B50000B31B5 /* Release */ = {
			isa = XCBuildConfiguration;
			buildSettings = {
				ASSETCATALOG_COMPILER_APPICON_NAME = AppIcon;
				ASSETCATALOG_COMPILER_GLOBAL_ACCENT_COLOR_NAME = AccentColor;
				CODE_SIGN_STYLE = Automatic;
				CURRENT_PROJECT_VERSION = 1;
				DEVELOPMENT_TEAM = S6MPAQT63Q;
				ENABLE_PREVIEWS = YES;
				GENERATE_INFOPLIST_FILE = YES;
				INFOPLIST_KEY_UIApplicationSceneManifest_Generation = YES;
				INFOPLIST_KEY_UIApplicationSupportsIndirectInputEvents = YES;
				INFOPLIST_KEY_UILaunchScreen_Generation = YES;
				INFOPLIST_KEY_UISupportedInterfaceOrientations_iPad = "UIInterfaceOrientationPortrait UIInterfaceOrientationPortraitUpsideDown UIInterfaceOrientationLandscapeLeft UIInterfaceOrientationLandscapeRight";
				INFOPLIST_KEY_UISupportedInterfaceOrientations_iPhone = "UIInterfaceOrientationPortrait UIInterfaceOrientationLandscapeLeft UIInterfaceOrientationLandscapeRight";
				LD_RUNPATH_SEARCH_PATHS = (
					"$(inherited)",
					"@executable_path/Frameworks",
				);
				MARKETING_VERSION = 1.0;
				PRODUCT_BUNDLE_IDENTIFIER = com.marcellochuahy.WalletFeatureSampleApp;
				PRODUCT_NAME = "$(TARGET_NAME)";
				STRING_CATALOG_GENERATE_SYMBOLS = YES;
				SWIFT_APPROACHABLE_CONCURRENCY = YES;
				SWIFT_DEFAULT_ACTOR_ISOLATION = MainActor;
				SWIFT_EMIT_LOC_STRINGS = YES;
				SWIFT_UPCOMING_FEATURE_MEMBER_IMPORT_VISIBILITY = YES;
				SWIFT_VERSION = 5.0;
				TARGETED_DEVICE_FAMILY = "1,2";
			};
			name = Release;
		};
		5F65DD202ED71B50000B31B5 /* Debug */ = {
			isa = XCBuildConfiguration;
			buildSettings = {
				BUNDLE_LOADER = "$(TEST_HOST)";
				CODE_SIGN_STYLE = Automatic;
				CURRENT_PROJECT_VERSION = 1;
				DEVELOPMENT_TEAM = S6MPAQT63Q;
				GENERATE_INFOPLIST_FILE = YES;
				IPHONEOS_DEPLOYMENT_TARGET = 26.1;
				MARKETING_VERSION = 1.0;
				PRODUCT_BUNDLE_IDENTIFIER = com.marcellochuahy.WalletFeatureSampleAppTests;
				PRODUCT_NAME = "$(TARGET_NAME)";
				STRING_CATALOG_GENERATE_SYMBOLS = NO;
				SWIFT_APPROACHABLE_CONCURRENCY = YES;
				SWIFT_EMIT_LOC_STRINGS = NO;
				SWIFT_UPCOMING_FEATURE_MEMBER_IMPORT_VISIBILITY = YES;
				SWIFT_VERSION = 5.0;
				TARGETED_DEVICE_FAMILY = "1,2";
				TEST_HOST = "$(BUILT_PRODUCTS_DIR)/WalletFeatureSampleApp.app/$(BUNDLE_EXECUTABLE_FOLDER_PATH)/WalletFeatureSampleApp";
			};
			name = Debug;
		};
		5F65DD212ED71B50000B31B5 /* Release */ = {
			isa = XCBuildConfiguration;
			buildSettings = {
				BUNDLE_LOADER = "$(TEST_HOST)";
				CODE_SIGN_STYLE = Automatic;
				CURRENT_PROJECT_VERSION = 1;
				DEVELOPMENT_TEAM = S6MPAQT63Q;
				GENERATE_INFOPLIST_FILE = YES;
				IPHONEOS_DEPLOYMENT_TARGET = 26.1;
				MARKETING_VERSION = 1.0;
				PRODUCT_BUNDLE_IDENTIFIER = com.marcellochuahy.WalletFeatureSampleAppTests;
				PRODUCT_NAME = "$(TARGET_NAME)";
				STRING_CATALOG_GENERATE_SYMBOLS = NO;
				SWIFT_APPROACHABLE_CONCURRENCY = YES;
				SWIFT_EMIT_LOC_STRINGS = NO;
				SWIFT_UPCOMING_FEATURE_MEMBER_IMPORT_VISIBILITY = YES;
				SWIFT_VERSION = 5.0;
				TARGETED_DEVICE_FAMILY = "1,2";
				TEST_HOST = "$(BUILT_PRODUCTS_DIR)/WalletFeatureSampleApp.app/$(BUNDLE_EXECUTABLE_FOLDER_PATH)/WalletFeatureSampleApp";
			};
			name = Release;
		};
/* End XCBuildConfiguration section */

/* Begin XCConfigurationList section */
		5F65DCF62ED71B4E000B31B5 /* Build configuration list for PBXProject "WalletFeatureSampleApp" */ = {
			isa = XCConfigurationList;
			buildConfigurations = (
				5F65DD1A2ED71B50000B31B5 /* Debug */,
				5F65DD1B2ED71B50000B31B5 /* Release */,
			);
			defaultConfigurationIsVisible = 0;
			defaultConfigurationName = Release;
		};
		5F65DD1C2ED71B50000B31B5 /* Build configuration list for PBXNativeTarget "WalletFeatureSampleApp" */ = {
			isa = XCConfigurationList;
			buildConfigurations = (
				5F65DD1D2ED71B50000B31B5 /* Debug */,
				5F65DD1E2ED71B50000B31B5 /* Release */,
			);
			defaultConfigurationIsVisible = 0;
			defaultConfigurationName = Release;
		};
		5F65DD1F2ED71B50000B31B5 /* Build configuration list for PBXNativeTarget "WalletFeatureSampleAppTests" */ = {
			isa = XCConfigurationList;
			buildConfigurations = (
				5F65DD202ED71B50000B31B5 /* Debug */,
				5F65DD212ED71B50000B31B5 /* Release */,
			);
			defaultConfigurationIsVisible = 0;
			defaultConfigurationName = Release;
		};
/* End XCConfigurationList section */

/* Begin XCRemoteSwiftPackageReference section */
		5F65DD432ED72E06000B31B5 /* XCRemoteSwiftPackageReference "ViewInspector" */ = {
			isa = XCRemoteSwiftPackageReference;
			repositoryURL = "https://github.com/nalexn/ViewInspector.git";
			requirement = {
				kind = upToNextMajorVersion;
				minimumVersion = 0.10.3;
			};
		};
/* End XCRemoteSwiftPackageReference section */

/* Begin XCSwiftPackageProductDependency section */
		5F65DD472ED72E4D000B31B5 /* ViewInspector */ = {
			isa = XCSwiftPackageProductDependency;
			package = 5F65DD432ED72E06000B31B5 /* XCRemoteSwiftPackageReference "ViewInspector" */;
			productName = ViewInspector;
		};
/* End XCSwiftPackageProductDependency section */
	};
	rootObject = 5F65DCF32ED71B4E000B31B5 /* Project object */;
}
